
Microsoft Visual Studio Solution File, Format Version 12.00
# Visual Studio 15
VisualStudioVersion = 15.0.27130.2036
MinimumVisualStudioVersion = 10.0.40219.1
Project("{2150E333-8FDC-42A3-9474-1A3956D46DE8}") = "Solution Items", "Solution Items", "{CEA234D8-49B8-4C8B-A873-9BD6B34AA1FF}"
	ProjectSection(SolutionItems) = preProject
		.editorconfig = .editorconfig
		azuredeploy.json = azuredeploy.json
		CHANGELOG.md = CHANGELOG.md
		CODE_OF_CONDUCT.md = CODE_OF_CONDUCT.md
		CONTRIBUTING.md = CONTRIBUTING.md
		LICENSE = LICENSE
		README.md = README.md
	EndProjectSection
EndProject
Project("{2150E333-8FDC-42A3-9474-1A3956D46DE8}") = "src", "src", "{F13E7F55-1E06-4577-980F-720B0F3BEAB8}"
EndProject
Project("{9A19103F-16F7-4668-BE54-9A1E7A4F7556}") = "SmartOffice.Models", "src\SmartOffice.Models\SmartOffice.Models.csproj", "{FC4A5E49-1254-41F9-AC2B-1AD8B692381E}"
EndProject
Project("{9A19103F-16F7-4668-BE54-9A1E7A4F7556}") = "SmartOffice.Services", "src\SmartOffice.Services\SmartOffice.Services.csproj", "{4D0D66B6-09CC-423F-BD73-673276DE9014}"
EndProject
Project("{9A19103F-16F7-4668-BE54-9A1E7A4F7556}") = "SmartOffice.Functions", "src\SmartOffice.Functions\SmartOffice.Functions.csproj", "{183CF908-5D9F-4610-8F1B-5D1451F53DC1}"
EndProject
Project("{9A19103F-16F7-4668-BE54-9A1E7A4F7556}") = "SmartOffice.Data", "src\SmartOffice.Data\SmartOffice.Data.csproj", "{C0320696-8360-40DD-90C2-5B98B04383C6}"
EndProject
Project("{9A19103F-16F7-4668-BE54-9A1E7A4F7556}") = "SmartOffice", "src\SmartOffice\SmartOffice.csproj", "{C4A36A3B-A9B4-4156-998A-4F2D06863664}"
EndProject
Project("{9A19103F-16F7-4668-BE54-9A1E7A4F7556}") = "SmartOffice.Extensions", "src\SmartOffice.Extensions\SmartOffice.Extensions.csproj", "{A677D0BC-7753-4330-BA25-FE5BCD950D16}"
EndProject
Global
	GlobalSection(SolutionConfigurationPlatforms) = preSolution
		Debug|Any CPU = Debug|Any CPU
		Release|Any CPU = Release|Any CPU
	EndGlobalSection
	GlobalSection(ProjectConfigurationPlatforms) = postSolution
		{FC4A5E49-1254-41F9-AC2B-1AD8B692381E}.Debug|Any CPU.ActiveCfg = Debug|Any CPU
		{FC4A5E49-1254-41F9-AC2B-1AD8B692381E}.Debug|Any CPU.Build.0 = Debug|Any CPU
		{FC4A5E49-1254-41F9-AC2B-1AD8B692381E}.Release|Any CPU.ActiveCfg = Release|Any CPU
		{FC4A5E49-1254-41F9-AC2B-1AD8B692381E}.Release|Any CPU.Build.0 = Release|Any CPU
		{4D0D66B6-09CC-423F-BD73-673276DE9014}.Debug|Any CPU.ActiveCfg = Debug|Any CPU
		{4D0D66B6-09CC-423F-BD73-673276DE9014}.Debug|Any CPU.Build.0 = Debug|Any CPU
		{4D0D66B6-09CC-423F-BD73-673276DE9014}.Release|Any CPU.ActiveCfg = Release|Any CPU
		{4D0D66B6-09CC-423F-BD73-673276DE9014}.Release|Any CPU.Build.0 = Release|Any CPU
		{183CF908-5D9F-4610-8F1B-5D1451F53DC1}.Debug|Any CPU.ActiveCfg = Debug|Any CPU
		{183CF908-5D9F-4610-8F1B-5D1451F53DC1}.Debug|Any CPU.Build.0 = Debug|Any CPU
		{183CF908-5D9F-4610-8F1B-5D1451F53DC1}.Release|Any CPU.ActiveCfg = Release|Any CPU
		{183CF908-5D9F-4610-8F1B-5D1451F53DC1}.Release|Any CPU.Build.0 = Release|Any CPU
		{C0320696-8360-40DD-90C2-5B98B04383C6}.Debug|Any CPU.ActiveCfg = Debug|Any CPU
		{C0320696-8360-40DD-90C2-5B98B04383C6}.Debug|Any CPU.Build.0 = Debug|Any CPU
		{C0320696-8360-40DD-90C2-5B98B04383C6}.Release|Any CPU.ActiveCfg = Release|Any CPU
		{C0320696-8360-40DD-90C2-5B98B04383C6}.Release|Any CPU.Build.0 = Release|Any CPU
		{C4A36A3B-A9B4-4156-998A-4F2D06863664}.Debug|Any CPU.ActiveCfg = Debug|Any CPU
		{C4A36A3B-A9B4-4156-998A-4F2D06863664}.Debug|Any CPU.Build.0 = Debug|Any CPU
		{C4A36A3B-A9B4-4156-998A-4F2D06863664}.Release|Any CPU.ActiveCfg = Release|Any CPU
		{C4A36A3B-A9B4-4156-998A-4F2D06863664}.Release|Any CPU.Build.0 = Release|Any CPU
		{A677D0BC-7753-4330-BA25-FE5BCD950D16}.Debug|Any CPU.ActiveCfg = Debug|Any CPU
		{A677D0BC-7753-4330-BA25-FE5BCD950D16}.Debug|Any CPU.Build.0 = Debug|Any CPU
		{A677D0BC-7753-4330-BA25-FE5BCD950D16}.Release|Any CPU.ActiveCfg = Release|Any CPU
		{A677D0BC-7753-4330-BA25-FE5BCD950D16}.Release|Any CPU.Build.0 = Release|Any CPU
	EndGlobalSection
	GlobalSection(SolutionProperties) = preSolution
		HideSolutionNode = FALSE
	EndGlobalSection
	GlobalSection(NestedProjects) = preSolution
		{FC4A5E49-1254-41F9-AC2B-1AD8B692381E} = {F13E7F55-1E06-4577-980F-720B0F3BEAB8}
		{4D0D66B6-09CC-423F-BD73-673276DE9014} = {F13E7F55-1E06-4577-980F-720B0F3BEAB8}
		{183CF908-5D9F-4610-8F1B-5D1451F53DC1} = {F13E7F55-1E06-4577-980F-720B0F3BEAB8}
		{C0320696-8360-40DD-90C2-5B98B04383C6} = {F13E7F55-1E06-4577-980F-720B0F3BEAB8}
		{C4A36A3B-A9B4-4156-998A-4F2D06863664} = {F13E7F55-1E06-4577-980F-720B0F3BEAB8}
		{A677D0BC-7753-4330-BA25-FE5BCD950D16} = {F13E7F55-1E06-4577-980F-720B0F3BEAB8}
	EndGlobalSection
	GlobalSection(ExtensibilityGlobals) = postSolution
		SolutionGuid = {2AD22973-0841-41CF-B3F6-83C0F6FEB90E}
	EndGlobalSection
EndGlobal
