
Microsoft Visual Studio Solution File, Format Version 12.00
# Visual Studio Version 16
VisualStudioVersion = 16.0.28922.388
MinimumVisualStudioVersion = 10.0.40219.1
Project("{2150E333-8FDC-42A3-9474-1A3956D46DE8}") = "Solution Items", "Solution Items", "{27AC74F4-B650-40C8-B6E0-4427CB5D7932}"
	ProjectSection(SolutionItems) = preProject
		.editorconfig = .editorconfig
		LICENSE = LICENSE
		README.md = README.md
	EndProjectSection
EndProject
Project("{2150E333-8FDC-42A3-9474-1A3956D46DE8}") = "src", "src", "{2242F113-B37A-4660-BF35-58CFD4E9A709}"
EndProject
Project("{9A19103F-16F7-4668-BE54-9A1E7A4F7556}") = "SmartOffice.Aggregator", "src\SmartOffice.Aggregator\SmartOffice.Aggregator.csproj", "{426B56D6-20E1-4DAC-ADE3-21A1C6EB9DD9}"
EndProject
Project("{9A19103F-16F7-4668-BE54-9A1E7A4F7556}") = "SmartOffice", "src\SmartOffice\SmartOffice.csproj", "{44690187-A5B3-4709-9065-18EBC2897DD5}"
EndProject
Global
	GlobalSection(SolutionConfigurationPlatforms) = preSolution
		Debug|Any CPU = Debug|Any CPU
		Release|Any CPU = Release|Any CPU
	EndGlobalSection
	GlobalSection(ProjectConfigurationPlatforms) = postSolution
		{426B56D6-20E1-4DAC-ADE3-21A1C6EB9DD9}.Debug|Any CPU.ActiveCfg = Debug|Any CPU
		{426B56D6-20E1-4DAC-ADE3-21A1C6EB9DD9}.Debug|Any CPU.Build.0 = Debug|Any CPU
		{426B56D6-20E1-4DAC-ADE3-21A1C6EB9DD9}.Release|Any CPU.ActiveCfg = Release|Any CPU
		{426B56D6-20E1-4DAC-ADE3-21A1C6EB9DD9}.Release|Any CPU.Build.0 = Release|Any CPU
		{44690187-A5B3-4709-9065-18EBC2897DD5}.Debug|Any CPU.ActiveCfg = Debug|Any CPU
		{44690187-A5B3-4709-9065-18EBC2897DD5}.Debug|Any CPU.Build.0 = Debug|Any CPU
		{44690187-A5B3-4709-9065-18EBC2897DD5}.Release|Any CPU.ActiveCfg = Release|Any CPU
		{44690187-A5B3-4709-9065-18EBC2897DD5}.Release|Any CPU.Build.0 = Release|Any CPU
	EndGlobalSection
	GlobalSection(SolutionProperties) = preSolution
		HideSolutionNode = FALSE
	EndGlobalSection
	GlobalSection(NestedProjects) = preSolution
		{426B56D6-20E1-4DAC-ADE3-21A1C6EB9DD9} = {2242F113-B37A-4660-BF35-58CFD4E9A709}
		{44690187-A5B3-4709-9065-18EBC2897DD5} = {2242F113-B37A-4660-BF35-58CFD4E9A709}
	EndGlobalSection
	GlobalSection(ExtensibilityGlobals) = postSolution
		SolutionGuid = {7F54CFE1-76EA-4452-AFF0-1BFE7DC8BF34}
	EndGlobalSection
EndGlobal
