
Microsoft Visual Studio Solution File, Format Version 12.00
# Visual Studio 15
VisualStudioVersion = 15.0.27130.2036
MinimumVisualStudioVersion = 10.0.40219.1
Project("{2150E333-8FDC-42A3-9474-1A3956D46DE8}") = "Solution Items", "Solution Items", "{CEA234D8-49B8-4C8B-A873-9BD6B34AA1FF}"
	ProjectSection(SolutionItems) = preProject
		azuredeploy.json = azuredeploy.json
		CHANGELOG.md = CHANGELOG.md
		CODE_OF_CONDUCT.md = CODE_OF_CONDUCT.md
		CONTRIBUTING.md = CONTRIBUTING.md
		ISSUE_TEMPLATE.md = ISSUE_TEMPLATE.md
		LICENSE = LICENSE
		README.md = README.md
	EndProjectSection
EndProject
Project("{2150E333-8FDC-42A3-9474-1A3956D46DE8}") = "src", "src", "{F13E7F55-1E06-4577-980F-720B0F3BEAB8}"
EndProject
Project("{9A19103F-16F7-4668-BE54-9A1E7A4F7556}") = "SmartOffice.Models", "src\SmartOffice.Models\SmartOffice.Models.csproj", "{FC4A5E49-1254-41F9-AC2B-1AD8B692381E}"
EndProject
Project("{9A19103F-16F7-4668-BE54-9A1E7A4F7556}") = "SmartOffice.Bindings", "src\SmartOffice.Bindings\SmartOffice.Bindings.csproj", "{F839DE6D-EBA4-4BCC-9263-335853EBEB1B}"
EndProject
Project("{9A19103F-16F7-4668-BE54-9A1E7A4F7556}") = "SmartOffice.Services", "src\SmartOffice.Services\SmartOffice.Services.csproj", "{4D0D66B6-09CC-423F-BD73-673276DE9014}"
EndProject
Project("{9A19103F-16F7-4668-BE54-9A1E7A4F7556}") = "SmartOffice.Functions", "src\SmartOffice.Functions\SmartOffice.Functions.csproj", "{183CF908-5D9F-4610-8F1B-5D1451F53DC1}"
EndProject
Project("{2150E333-8FDC-42A3-9474-1A3956D46DE8}") = "tests", "tests", "{FC6E52D8-8868-41E4-9A00-191A270B6692}"
EndProject
Project("{9A19103F-16F7-4668-BE54-9A1E7A4F7556}") = "SmartOffice.Services.Tests", "tests\SmartOffice.Services.Tests\SmartOffice.Services.Tests.csproj", "{CCDBE789-CD7E-4554-9B96-DABA670ACD3F}"
EndProject
Project("{9A19103F-16F7-4668-BE54-9A1E7A4F7556}") = "SmartOffice.Data.Tests", "tests\SmartOffice.Data.Tests\SmartOffice.Data.Tests.csproj", "{04233B5D-CC2F-4EDF-8035-378E4220AF99}"
EndProject
Project("{9A19103F-16F7-4668-BE54-9A1E7A4F7556}") = "SmartOffice.Data", "src\SmartOffice.Data\SmartOffice.Data.csproj", "{C0320696-8360-40DD-90C2-5B98B04383C6}"
EndProject
Project("{9A19103F-16F7-4668-BE54-9A1E7A4F7556}") = "SmartOffice.Functions.Tests", "tests\SmartOffice.Functions.Tests\SmartOffice.Functions.Tests.csproj", "{F15CC3A1-6C0E-4B93-9E48-017929487847}"
EndProject
Global
	GlobalSection(SolutionConfigurationPlatforms) = preSolution
		Debug|Any CPU = Debug|Any CPU
		Release|Any CPU = Release|Any CPU
	EndGlobalSection
	GlobalSection(ProjectConfigurationPlatforms) = postSolution
		{FC4A5E49-1254-41F9-AC2B-1AD8B692381E}.Debug|Any CPU.ActiveCfg = Debug|Any CPU
		{FC4A5E49-1254-41F9-AC2B-1AD8B692381E}.Debug|Any CPU.Build.0 = Debug|Any CPU
		{FC4A5E49-1254-41F9-AC2B-1AD8B692381E}.Release|Any CPU.ActiveCfg = Release|Any CPU
		{FC4A5E49-1254-41F9-AC2B-1AD8B692381E}.Release|Any CPU.Build.0 = Release|Any CPU
		{F839DE6D-EBA4-4BCC-9263-335853EBEB1B}.Debug|Any CPU.ActiveCfg = Debug|Any CPU
		{F839DE6D-EBA4-4BCC-9263-335853EBEB1B}.Debug|Any CPU.Build.0 = Debug|Any CPU
		{F839DE6D-EBA4-4BCC-9263-335853EBEB1B}.Release|Any CPU.ActiveCfg = Release|Any CPU
		{F839DE6D-EBA4-4BCC-9263-335853EBEB1B}.Release|Any CPU.Build.0 = Release|Any CPU
		{4D0D66B6-09CC-423F-BD73-673276DE9014}.Debug|Any CPU.ActiveCfg = Debug|Any CPU
		{4D0D66B6-09CC-423F-BD73-673276DE9014}.Debug|Any CPU.Build.0 = Debug|Any CPU
		{4D0D66B6-09CC-423F-BD73-673276DE9014}.Release|Any CPU.ActiveCfg = Release|Any CPU
		{4D0D66B6-09CC-423F-BD73-673276DE9014}.Release|Any CPU.Build.0 = Release|Any CPU
		{183CF908-5D9F-4610-8F1B-5D1451F53DC1}.Debug|Any CPU.ActiveCfg = Debug|Any CPU
		{183CF908-5D9F-4610-8F1B-5D1451F53DC1}.Debug|Any CPU.Build.0 = Debug|Any CPU
		{183CF908-5D9F-4610-8F1B-5D1451F53DC1}.Release|Any CPU.ActiveCfg = Release|Any CPU
		{183CF908-5D9F-4610-8F1B-5D1451F53DC1}.Release|Any CPU.Build.0 = Release|Any CPU
		{CCDBE789-CD7E-4554-9B96-DABA670ACD3F}.Debug|Any CPU.ActiveCfg = Debug|Any CPU
		{CCDBE789-CD7E-4554-9B96-DABA670ACD3F}.Debug|Any CPU.Build.0 = Debug|Any CPU
		{CCDBE789-CD7E-4554-9B96-DABA670ACD3F}.Release|Any CPU.ActiveCfg = Release|Any CPU
		{CCDBE789-CD7E-4554-9B96-DABA670ACD3F}.Release|Any CPU.Build.0 = Release|Any CPU
		{04233B5D-CC2F-4EDF-8035-378E4220AF99}.Debug|Any CPU.ActiveCfg = Debug|Any CPU
		{04233B5D-CC2F-4EDF-8035-378E4220AF99}.Debug|Any CPU.Build.0 = Debug|Any CPU
		{04233B5D-CC2F-4EDF-8035-378E4220AF99}.Release|Any CPU.ActiveCfg = Release|Any CPU
		{04233B5D-CC2F-4EDF-8035-378E4220AF99}.Release|Any CPU.Build.0 = Release|Any CPU
		{C0320696-8360-40DD-90C2-5B98B04383C6}.Debug|Any CPU.ActiveCfg = Debug|Any CPU
		{C0320696-8360-40DD-90C2-5B98B04383C6}.Debug|Any CPU.Build.0 = Debug|Any CPU
		{C0320696-8360-40DD-90C2-5B98B04383C6}.Release|Any CPU.ActiveCfg = Release|Any CPU
		{C0320696-8360-40DD-90C2-5B98B04383C6}.Release|Any CPU.Build.0 = Release|Any CPU
		{F15CC3A1-6C0E-4B93-9E48-017929487847}.Debug|Any CPU.ActiveCfg = Debug|Any CPU
		{F15CC3A1-6C0E-4B93-9E48-017929487847}.Debug|Any CPU.Build.0 = Debug|Any CPU
		{F15CC3A1-6C0E-4B93-9E48-017929487847}.Release|Any CPU.ActiveCfg = Release|Any CPU
		{F15CC3A1-6C0E-4B93-9E48-017929487847}.Release|Any CPU.Build.0 = Release|Any CPU
	EndGlobalSection
	GlobalSection(SolutionProperties) = preSolution
		HideSolutionNode = FALSE
	EndGlobalSection
	GlobalSection(NestedProjects) = preSolution
		{FC4A5E49-1254-41F9-AC2B-1AD8B692381E} = {F13E7F55-1E06-4577-980F-720B0F3BEAB8}
		{F839DE6D-EBA4-4BCC-9263-335853EBEB1B} = {F13E7F55-1E06-4577-980F-720B0F3BEAB8}
		{4D0D66B6-09CC-423F-BD73-673276DE9014} = {F13E7F55-1E06-4577-980F-720B0F3BEAB8}
		{183CF908-5D9F-4610-8F1B-5D1451F53DC1} = {F13E7F55-1E06-4577-980F-720B0F3BEAB8}
		{CCDBE789-CD7E-4554-9B96-DABA670ACD3F} = {FC6E52D8-8868-41E4-9A00-191A270B6692}
		{04233B5D-CC2F-4EDF-8035-378E4220AF99} = {FC6E52D8-8868-41E4-9A00-191A270B6692}
		{C0320696-8360-40DD-90C2-5B98B04383C6} = {F13E7F55-1E06-4577-980F-720B0F3BEAB8}
		{F15CC3A1-6C0E-4B93-9E48-017929487847} = {FC6E52D8-8868-41E4-9A00-191A270B6692}
	EndGlobalSection
	GlobalSection(ExtensibilityGlobals) = postSolution
		SolutionGuid = {2AD22973-0841-41CF-B3F6-83C0F6FEB90E}
	EndGlobalSection
EndGlobal
